// !$*UTF8*$!
{
	archiveVersion = 1;
	classes = {
	};
	objectVersion = 56;
	objects = {

/* Begin PBXBuildFile section */
		1CDB1651B4D2EECE5AA44649 /* Pods_SwiftUIReminder.framework in Frameworks */ = {isa = PBXBuildFile; fileRef = 5ADA4F1FBB3718F5D76890E8 /* Pods_SwiftUIReminder.framework */; };
		7DC46EED2BB4D1B900468CEC /* SwiftUIReminderApp.swift in Sources */ = {isa = PBXBuildFile; fileRef = 7DC46EEC2BB4D1B900468CEC /* SwiftUIReminderApp.swift */; };
		7DC46EEF2BB4D1B900468CEC /* ContentView.swift in Sources */ = {isa = PBXBuildFile; fileRef = 7DC46EEE2BB4D1B900468CEC /* ContentView.swift */; };
		7DC46EF12BB4D1BA00468CEC /* Assets.xcassets in Resources */ = {isa = PBXBuildFile; fileRef = 7DC46EF02BB4D1BA00468CEC /* Assets.xcassets */; };
		7DC46EF42BB4D1BA00468CEC /* Preview Assets.xcassets in Resources */ = {isa = PBXBuildFile; fileRef = 7DC46EF32BB4D1BA00468CEC /* Preview Assets.xcassets */; };
		7DC46EFE2BB4D94400468CEC /* Localizable.xcstrings in Resources */ = {isa = PBXBuildFile; fileRef = 7DC46EFD2BB4D94400468CEC /* Localizable.xcstrings */; };
		7DC46F1B2BB4F1C100468CEC /* LoginScreen.swift in Sources */ = {isa = PBXBuildFile; fileRef = 7DC46F1A2BB4F1C100468CEC /* LoginScreen.swift */; };
		7DC46F1D2BB4F54A00468CEC /* LoginViewModel.swift in Sources */ = {isa = PBXBuildFile; fileRef = 7DC46F1C2BB4F54A00468CEC /* LoginViewModel.swift */; };
		7DC46F1F2BB4F8A600468CEC /* LoginRequest.swift in Sources */ = {isa = PBXBuildFile; fileRef = 7DC46F1E2BB4F8A600468CEC /* LoginRequest.swift */; };
		7DC46F212BB4FEBB00468CEC /* LoginResponse.swift in Sources */ = {isa = PBXBuildFile; fileRef = 7DC46F202BB4FEBB00468CEC /* LoginResponse.swift */; };
		7DC46F232BB5040C00468CEC /* LoginAction.swift in Sources */ = {isa = PBXBuildFile; fileRef = 7DC46F222BB5040C00468CEC /* LoginAction.swift */; };
		7DC46F252BB5FD7700468CEC /* Auth.swift in Sources */ = {isa = PBXBuildFile; fileRef = 7DC46F242BB5FD7700468CEC /* Auth.swift */; };
		7DC46F272BB6185C00468CEC /* HomeScreen.swift in Sources */ = {isa = PBXBuildFile; fileRef = 7DC46F262BB6185C00468CEC /* HomeScreen.swift */; };
		7DC46F292BB618A500468CEC /* HomeViewModel.swift in Sources */ = {isa = PBXBuildFile; fileRef = 7DC46F282BB618A500468CEC /* HomeViewModel.swift */; };
		7DC46F2D2BB6191E00468CEC /* RootScreen.swift in Sources */ = {isa = PBXBuildFile; fileRef = 7DC46F2C2BB6191E00468CEC /* RootScreen.swift */; };
		7DC46F302BB61F2F00468CEC /* MainButton.swift in Sources */ = {isa = PBXBuildFile; fileRef = 7DC46F2F2BB61F2F00468CEC /* MainButton.swift */; };
/* End PBXBuildFile section */

/* Begin PBXFileReference section */
		5ADA4F1FBB3718F5D76890E8 /* Pods_SwiftUIReminder.framework */ = {isa = PBXFileReference; explicitFileType = wrapper.framework; includeInIndex = 0; path = Pods_SwiftUIReminder.framework; sourceTree = BUILT_PRODUCTS_DIR; };
		5CF55976409008E14293A3DA /* Pods-SwiftUIReminder.release.xcconfig */ = {isa = PBXFileReference; includeInIndex = 1; lastKnownFileType = text.xcconfig; name = "Pods-SwiftUIReminder.release.xcconfig"; path = "Target Support Files/Pods-SwiftUIReminder/Pods-SwiftUIReminder.release.xcconfig"; sourceTree = "<group>"; };
		7DC46EE92BB4D1B900468CEC /* SwiftUIReminder.app */ = {isa = PBXFileReference; explicitFileType = wrapper.application; includeInIndex = 0; path = SwiftUIReminder.app; sourceTree = BUILT_PRODUCTS_DIR; };
		7DC46EEC2BB4D1B900468CEC /* SwiftUIReminderApp.swift */ = {isa = PBXFileReference; lastKnownFileType = sourcecode.swift; path = SwiftUIReminderApp.swift; sourceTree = "<group>"; };
		7DC46EEE2BB4D1B900468CEC /* ContentView.swift */ = {isa = PBXFileReference; lastKnownFileType = sourcecode.swift; path = ContentView.swift; sourceTree = "<group>"; };
		7DC46EF02BB4D1BA00468CEC /* Assets.xcassets */ = {isa = PBXFileReference; lastKnownFileType = folder.assetcatalog; path = Assets.xcassets; sourceTree = "<group>"; };
		7DC46EF32BB4D1BA00468CEC /* Preview Assets.xcassets */ = {isa = PBXFileReference; lastKnownFileType = folder.assetcatalog; path = "Preview Assets.xcassets"; sourceTree = "<group>"; };
		7DC46EFD2BB4D94400468CEC /* Localizable.xcstrings */ = {isa = PBXFileReference; lastKnownFileType = text.json.xcstrings; path = Localizable.xcstrings; sourceTree = "<group>"; };
		7DC46F1A2BB4F1C100468CEC /* LoginScreen.swift */ = {isa = PBXFileReference; lastKnownFileType = sourcecode.swift; path = LoginScreen.swift; sourceTree = "<group>"; };
		7DC46F1C2BB4F54A00468CEC /* LoginViewModel.swift */ = {isa = PBXFileReference; lastKnownFileType = sourcecode.swift; path = LoginViewModel.swift; sourceTree = "<group>"; };
		7DC46F1E2BB4F8A600468CEC /* LoginRequest.swift */ = {isa = PBXFileReference; lastKnownFileType = sourcecode.swift; path = LoginRequest.swift; sourceTree = "<group>"; };
		7DC46F202BB4FEBB00468CEC /* LoginResponse.swift */ = {isa = PBXFileReference; lastKnownFileType = sourcecode.swift; path = LoginResponse.swift; sourceTree = "<group>"; };
		7DC46F222BB5040C00468CEC /* LoginAction.swift */ = {isa = PBXFileReference; lastKnownFileType = sourcecode.swift; path = LoginAction.swift; sourceTree = "<group>"; };
		7DC46F242BB5FD7700468CEC /* Auth.swift */ = {isa = PBXFileReference; lastKnownFileType = sourcecode.swift; path = Auth.swift; sourceTree = "<group>"; };
		7DC46F262BB6185C00468CEC /* HomeScreen.swift */ = {isa = PBXFileReference; lastKnownFileType = sourcecode.swift; path = HomeScreen.swift; sourceTree = "<group>"; };
		7DC46F282BB618A500468CEC /* HomeViewModel.swift */ = {isa = PBXFileReference; lastKnownFileType = sourcecode.swift; path = HomeViewModel.swift; sourceTree = "<group>"; };
		7DC46F2C2BB6191E00468CEC /* RootScreen.swift */ = {isa = PBXFileReference; lastKnownFileType = sourcecode.swift; path = RootScreen.swift; sourceTree = "<group>"; };
		7DC46F2F2BB61F2F00468CEC /* MainButton.swift */ = {isa = PBXFileReference; lastKnownFileType = sourcecode.swift; path = MainButton.swift; sourceTree = "<group>"; };
		95B20C75186FB64117F26E88 /* Pods-SwiftUIReminder.debug.xcconfig */ = {isa = PBXFileReference; includeInIndex = 1; lastKnownFileType = text.xcconfig; name = "Pods-SwiftUIReminder.debug.xcconfig"; path = "Target Support Files/Pods-SwiftUIReminder/Pods-SwiftUIReminder.debug.xcconfig"; sourceTree = "<group>"; };
/* End PBXFileReference section */

/* Begin PBXFrameworksBuildPhase section */
		7DC46EE62BB4D1B800468CEC /* Frameworks */ = {
			isa = PBXFrameworksBuildPhase;
			buildActionMask = 2147483647;
			files = (
				1CDB1651B4D2EECE5AA44649 /* Pods_SwiftUIReminder.framework in Frameworks */,
			);
			runOnlyForDeploymentPostprocessing = 0;
		};
/* End PBXFrameworksBuildPhase section */

/* Begin PBXGroup section */
		4E4FD972F21479F5008A0EB8 /* Frameworks */ = {
			isa = PBXGroup;
			children = (
				5ADA4F1FBB3718F5D76890E8 /* Pods_SwiftUIReminder.framework */,
			);
			name = Frameworks;
			sourceTree = "<group>";
		};
		7DC46EE02BB4D1B800468CEC = {
			isa = PBXGroup;
			children = (
				7DC46EEB2BB4D1B900468CEC /* SwiftUIReminder */,
				7DC46EEA2BB4D1B900468CEC /* Products */,
				D52F599970F19674272743EA /* Pods */,
				4E4FD972F21479F5008A0EB8 /* Frameworks */,
			);
			sourceTree = "<group>";
		};
		7DC46EEA2BB4D1B900468CEC /* Products */ = {
			isa = PBXGroup;
			children = (
				7DC46EE92BB4D1B900468CEC /* SwiftUIReminder.app */,
			);
			name = Products;
			sourceTree = "<group>";
		};
		7DC46EEB2BB4D1B900468CEC /* SwiftUIReminder */ = {
			isa = PBXGroup;
			children = (
				7DC46EFF2BB4DAB100468CEC /* Features */,
				7DC46EFB2BB4D8CD00468CEC /* SupportingFiles */,
				7DC46EEC2BB4D1B900468CEC /* SwiftUIReminderApp.swift */,
				7DC46EEE2BB4D1B900468CEC /* ContentView.swift */,
				7DC46EF02BB4D1BA00468CEC /* Assets.xcassets */,
				7DC46EF22BB4D1BA00468CEC /* Preview Content */,
				7DC46F242BB5FD7700468CEC /* Auth.swift */,
			);
			path = SwiftUIReminder;
			sourceTree = "<group>";
		};
		7DC46EF22BB4D1BA00468CEC /* Preview Content */ = {
			isa = PBXGroup;
			children = (
				7DC46EF32BB4D1BA00468CEC /* Preview Assets.xcassets */,
			);
			path = "Preview Content";
			sourceTree = "<group>";
		};
		7DC46EFB2BB4D8CD00468CEC /* SupportingFiles */ = {
			isa = PBXGroup;
			children = (
				7DC46F2E2BB61F1F00468CEC /* ViewModifiers */,
				7DC46EFC2BB4D8E400468CEC /* Localization */,
			);
			path = SupportingFiles;
			sourceTree = "<group>";
		};
		7DC46EFC2BB4D8E400468CEC /* Localization */ = {
			isa = PBXGroup;
			children = (
				7DC46EFD2BB4D94400468CEC /* Localizable.xcstrings */,
			);
			path = Localization;
			sourceTree = "<group>";
		};
		7DC46EFF2BB4DAB100468CEC /* Features */ = {
			isa = PBXGroup;
			children = (
				7DC46F2A2BB6190E00468CEC /* Root */,
				7DC46F002BB4DABA00468CEC /* Login */,
				7DC46F012BB4DABF00468CEC /* Home */,
				7DC46F022BB4DAFA00468CEC /* AddReminder */,
				7DC46F032BB4DB2600468CEC /* Settings */,
			);
			path = Features;
			sourceTree = "<group>";
		};
		7DC46F002BB4DABA00468CEC /* Login */ = {
			isa = PBXGroup;
			children = (
				7DC46F052BB4DC0F00468CEC /* Views */,
				7DC46F042BB4DC0500468CEC /* Models */,
				7DC46F062BB4DC1500468CEC /* ViewModels */,
				7DC46F0B2BB4DC3E00468CEC /* Actions */,
				7DC46F0A2BB4DC3900468CEC /* Screens */,
			);
			path = Login;
			sourceTree = "<group>";
		};
		7DC46F012BB4DABF00468CEC /* Home */ = {
			isa = PBXGroup;
			children = (
				7DC46F082BB4DC1F00468CEC /* Views */,
				7DC46F072BB4DC1B00468CEC /* Models */,
				7DC46F092BB4DC2200468CEC /* ViewModels */,
				7DC46F0D2BB4DC4600468CEC /* Actions */,
				7DC46F0C2BB4DC4300468CEC /* Screens */,
			);
			path = Home;
			sourceTree = "<group>";
		};
		7DC46F022BB4DAFA00468CEC /* AddReminder */ = {
			isa = PBXGroup;
			children = (
				7DC46F122BB4DC8E00468CEC /* Views */,
				7DC46F102BB4DC8000468CEC /* Models */,
				7DC46F112BB4DC8900468CEC /* ViewModels */,
				7DC46F0E2BB4DC4A00468CEC /* Actions */,
				7DC46F0F2BB4DC4E00468CEC /* Screens */,
			);
			path = AddReminder;
			sourceTree = "<group>";
		};
		7DC46F032BB4DB2600468CEC /* Settings */ = {
			isa = PBXGroup;
			children = (
				7DC46F142BB4DC9A00468CEC /* Views */,
				7DC46F172BB4DCA300468CEC /* Models */,
				7DC46F152BB4DC9D00468CEC /* ViewModels */,
				7DC46F132BB4DC9600468CEC /* Actions */,
				7DC46F162BB4DCA000468CEC /* Screens */,
			);
			path = Settings;
			sourceTree = "<group>";
		};
		7DC46F042BB4DC0500468CEC /* Models */ = {
			isa = PBXGroup;
			children = (
				7DC46F1E2BB4F8A600468CEC /* LoginRequest.swift */,
				7DC46F202BB4FEBB00468CEC /* LoginResponse.swift */,
			);
			path = Models;
			sourceTree = "<group>";
		};
		7DC46F052BB4DC0F00468CEC /* Views */ = {
			isa = PBXGroup;
			children = (
			);
			path = Views;
			sourceTree = "<group>";
		};
		7DC46F062BB4DC1500468CEC /* ViewModels */ = {
			isa = PBXGroup;
			children = (
				7DC46F1C2BB4F54A00468CEC /* LoginViewModel.swift */,
			);
			path = ViewModels;
			sourceTree = "<group>";
		};
		7DC46F072BB4DC1B00468CEC /* Models */ = {
			isa = PBXGroup;
			children = (
			);
			path = Models;
			sourceTree = "<group>";
		};
		7DC46F082BB4DC1F00468CEC /* Views */ = {
			isa = PBXGroup;
			children = (
			);
			path = Views;
			sourceTree = "<group>";
		};
		7DC46F092BB4DC2200468CEC /* ViewModels */ = {
			isa = PBXGroup;
			children = (
				7DC46F282BB618A500468CEC /* HomeViewModel.swift */,
			);
			path = ViewModels;
			sourceTree = "<group>";
		};
		7DC46F0A2BB4DC3900468CEC /* Screens */ = {
			isa = PBXGroup;
			children = (
				7DC46F1A2BB4F1C100468CEC /* LoginScreen.swift */,
			);
			path = Screens;
			sourceTree = "<group>";
		};
		7DC46F0B2BB4DC3E00468CEC /* Actions */ = {
			isa = PBXGroup;
			children = (
				7DC46F222BB5040C00468CEC /* LoginAction.swift */,
			);
			path = Actions;
			sourceTree = "<group>";
		};
		7DC46F0C2BB4DC4300468CEC /* Screens */ = {
			isa = PBXGroup;
			children = (
				7DC46F262BB6185C00468CEC /* HomeScreen.swift */,
			);
			path = Screens;
			sourceTree = "<group>";
		};
		7DC46F0D2BB4DC4600468CEC /* Actions */ = {
			isa = PBXGroup;
			children = (
			);
			path = Actions;
			sourceTree = "<group>";
		};
		7DC46F0E2BB4DC4A00468CEC /* Actions */ = {
			isa = PBXGroup;
			children = (
			);
			path = Actions;
			sourceTree = "<group>";
		};
		7DC46F0F2BB4DC4E00468CEC /* Screens */ = {
			isa = PBXGroup;
			children = (
			);
			path = Screens;
			sourceTree = "<group>";
		};
		7DC46F102BB4DC8000468CEC /* Models */ = {
			isa = PBXGroup;
			children = (
			);
			path = Models;
			sourceTree = "<group>";
		};
		7DC46F112BB4DC8900468CEC /* ViewModels */ = {
			isa = PBXGroup;
			children = (
			);
			path = ViewModels;
			sourceTree = "<group>";
		};
		7DC46F122BB4DC8E00468CEC /* Views */ = {
			isa = PBXGroup;
			children = (
			);
			path = Views;
			sourceTree = "<group>";
		};
		7DC46F132BB4DC9600468CEC /* Actions */ = {
			isa = PBXGroup;
			children = (
			);
			path = Actions;
			sourceTree = "<group>";
		};
		7DC46F142BB4DC9A00468CEC /* Views */ = {
			isa = PBXGroup;
			children = (
			);
			path = Views;
			sourceTree = "<group>";
		};
		7DC46F152BB4DC9D00468CEC /* ViewModels */ = {
			isa = PBXGroup;
			children = (
			);
			path = ViewModels;
			sourceTree = "<group>";
		};
		7DC46F162BB4DCA000468CEC /* Screens */ = {
			isa = PBXGroup;
			children = (
			);
			path = Screens;
			sourceTree = "<group>";
		};
		7DC46F172BB4DCA300468CEC /* Models */ = {
			isa = PBXGroup;
			children = (
			);
			path = Models;
			sourceTree = "<group>";
		};
		7DC46F2A2BB6190E00468CEC /* Root */ = {
			isa = PBXGroup;
			children = (
				7DC46F2B2BB6191300468CEC /* Screens */,
			);
			path = Root;
			sourceTree = "<group>";
		};
		7DC46F2B2BB6191300468CEC /* Screens */ = {
			isa = PBXGroup;
			children = (
				7DC46F2C2BB6191E00468CEC /* RootScreen.swift */,
			);
			path = Screens;
			sourceTree = "<group>";
		};
		7DC46F2E2BB61F1F00468CEC /* ViewModifiers */ = {
			isa = PBXGroup;
			children = (
				7DC46F2F2BB61F2F00468CEC /* MainButton.swift */,
			);
			path = ViewModifiers;
			sourceTree = "<group>";
		};
		D52F599970F19674272743EA /* Pods */ = {
			isa = PBXGroup;
			children = (
				95B20C75186FB64117F26E88 /* Pods-SwiftUIReminder.debug.xcconfig */,
				5CF55976409008E14293A3DA /* Pods-SwiftUIReminder.release.xcconfig */,
			);
			path = Pods;
			sourceTree = "<group>";
		};
/* End PBXGroup section */

/* Begin PBXNativeTarget section */
		7DC46EE82BB4D1B800468CEC /* SwiftUIReminder */ = {
			isa = PBXNativeTarget;
			buildConfigurationList = 7DC46EF72BB4D1BA00468CEC /* Build configuration list for PBXNativeTarget "SwiftUIReminder" */;
			buildPhases = (
				5458704EC4E969950CD49AF8 /* [CP] Check Pods Manifest.lock */,
				7DC46EE52BB4D1B800468CEC /* Sources */,
				7DC46EE62BB4D1B800468CEC /* Frameworks */,
				7DC46EE72BB4D1B800468CEC /* Resources */,
				7DC46EFA2BB4D50200468CEC /* ShellScript */,
				8F293863439E64D50AF320AE /* [CP] Embed Pods Frameworks */,
			);
			buildRules = (
			);
			dependencies = (
			);
			name = SwiftUIReminder;
			productName = SwiftUIReminder;
			productReference = 7DC46EE92BB4D1B900468CEC /* SwiftUIReminder.app */;
			productType = "com.apple.product-type.application";
		};
/* End PBXNativeTarget section */

/* Begin PBXProject section */
		7DC46EE12BB4D1B800468CEC /* Project object */ = {
			isa = PBXProject;
			attributes = {
				BuildIndependentTargetsInParallel = 1;
				LastSwiftUpdateCheck = 1530;
				LastUpgradeCheck = 1530;
				TargetAttributes = {
					7DC46EE82BB4D1B800468CEC = {
						CreatedOnToolsVersion = 15.3;
					};
				};
			};
			buildConfigurationList = 7DC46EE42BB4D1B800468CEC /* Build configuration list for PBXProject "SwiftUIReminder" */;
			compatibilityVersion = "Xcode 14.0";
			developmentRegion = en;
			hasScannedForEncodings = 0;
			knownRegions = (
				en,
				Base,
			);
			mainGroup = 7DC46EE02BB4D1B800468CEC;
			productRefGroup = 7DC46EEA2BB4D1B900468CEC /* Products */;
			projectDirPath = "";
			projectRoot = "";
			targets = (
				7DC46EE82BB4D1B800468CEC /* SwiftUIReminder */,
			);
		};
/* End PBXProject section */

/* Begin PBXResourcesBuildPhase section */
		7DC46EE72BB4D1B800468CEC /* Resources */ = {
			isa = PBXResourcesBuildPhase;
			buildActionMask = 2147483647;
			files = (
				7DC46EF42BB4D1BA00468CEC /* Preview Assets.xcassets in Resources */,
				7DC46EF12BB4D1BA00468CEC /* Assets.xcassets in Resources */,
				7DC46EFE2BB4D94400468CEC /* Localizable.xcstrings in Resources */,
			);
			runOnlyForDeploymentPostprocessing = 0;
		};
/* End PBXResourcesBuildPhase section */

/* Begin PBXShellScriptBuildPhase section */
		5458704EC4E969950CD49AF8 /* [CP] Check Pods Manifest.lock */ = {
			isa = PBXShellScriptBuildPhase;
			buildActionMask = 2147483647;
			files = (
			);
			inputFileListPaths = (
			);
			inputPaths = (
				"${PODS_PODFILE_DIR_PATH}/Podfile.lock",
				"${PODS_ROOT}/Manifest.lock",
			);
			name = "[CP] Check Pods Manifest.lock";
			outputFileListPaths = (
			);
			outputPaths = (
				"$(DERIVED_FILE_DIR)/Pods-SwiftUIReminder-checkManifestLockResult.txt",
			);
			runOnlyForDeploymentPostprocessing = 0;
			shellPath = /bin/sh;
			shellScript = "diff \"${PODS_PODFILE_DIR_PATH}/Podfile.lock\" \"${PODS_ROOT}/Manifest.lock\" > /dev/null\nif [ $? != 0 ] ; then\n    # print error to STDERR\n    echo \"error: The sandbox is not in sync with the Podfile.lock. Run 'pod install' or update your CocoaPods installation.\" >&2\n    exit 1\nfi\n# This output is used by Xcode 'outputs' to avoid re-running this script phase.\necho \"SUCCESS\" > \"${SCRIPT_OUTPUT_FILE_0}\"\n";
			showEnvVarsInLog = 0;
		};
		7DC46EFA2BB4D50200468CEC /* ShellScript */ = {
			isa = PBXShellScriptBuildPhase;
			buildActionMask = 2147483647;
			files = (
			);
			inputFileListPaths = (
			);
			inputPaths = (
			);
			outputFileListPaths = (
			);
			outputPaths = (
			);
			runOnlyForDeploymentPostprocessing = 0;
			shellPath = /bin/sh;
			shellScript = "\"${PODS_ROOT}/SwiftLint/swiftlint\"\n";
		};
		8F293863439E64D50AF320AE /* [CP] Embed Pods Frameworks */ = {
			isa = PBXShellScriptBuildPhase;
			buildActionMask = 2147483647;
			files = (
			);
			inputFileListPaths = (
				"${PODS_ROOT}/Target Support Files/Pods-SwiftUIReminder/Pods-SwiftUIReminder-frameworks-${CONFIGURATION}-input-files.xcfilelist",
			);
			name = "[CP] Embed Pods Frameworks";
			outputFileListPaths = (
				"${PODS_ROOT}/Target Support Files/Pods-SwiftUIReminder/Pods-SwiftUIReminder-frameworks-${CONFIGURATION}-output-files.xcfilelist",
			);
			runOnlyForDeploymentPostprocessing = 0;
			shellPath = /bin/sh;
			shellScript = "\"${PODS_ROOT}/Target Support Files/Pods-SwiftUIReminder/Pods-SwiftUIReminder-frameworks.sh\"\n";
			showEnvVarsInLog = 0;
		};
/* End PBXShellScriptBuildPhase section */

/* Begin PBXSourcesBuildPhase section */
		7DC46EE52BB4D1B800468CEC /* Sources */ = {
			isa = PBXSourcesBuildPhase;
			buildActionMask = 2147483647;
			files = (
				7DC46F1D2BB4F54A00468CEC /* LoginViewModel.swift in Sources */,
				7DC46EEF2BB4D1B900468CEC /* ContentView.swift in Sources */,
				7DC46F2D2BB6191E00468CEC /* RootScreen.swift in Sources */,
				7DC46F212BB4FEBB00468CEC /* LoginResponse.swift in Sources */,
				7DC46F292BB618A500468CEC /* HomeViewModel.swift in Sources */,
				7DC46EED2BB4D1B900468CEC /* SwiftUIReminderApp.swift in Sources */,
				7DC46F1F2BB4F8A600468CEC /* LoginRequest.swift in Sources */,
				7DC46F272BB6185C00468CEC /* HomeScreen.swift in Sources */,
				7DC46F302BB61F2F00468CEC /* MainButton.swift in Sources */,
				7DC46F1B2BB4F1C100468CEC /* LoginScreen.swift in Sources */,
				7DC46F232BB5040C00468CEC /* LoginAction.swift in Sources */,
				7DC46F252BB5FD7700468CEC /* Auth.swift in Sources */,
			);
			runOnlyForDeploymentPostprocessing = 0;
		};
/* End PBXSourcesBuildPhase section */

/* Begin XCBuildConfiguration section */
		7DC46EF52BB4D1BA00468CEC /* Debug */ = {
			isa = XCBuildConfiguration;
			buildSettings = {
				ALWAYS_SEARCH_USER_PATHS = NO;
				ASSETCATALOG_COMPILER_GENERATE_SWIFT_ASSET_SYMBOL_EXTENSIONS = YES;
				CLANG_ANALYZER_NONNULL = YES;
				CLANG_ANALYZER_NUMBER_OBJECT_CONVERSION = YES_AGGRESSIVE;
				CLANG_CXX_LANGUAGE_STANDARD = "gnu++20";
				CLANG_ENABLE_MODULES = YES;
				CLANG_ENABLE_OBJC_ARC = YES;
				CLANG_ENABLE_OBJC_WEAK = YES;
				CLANG_WARN_BLOCK_CAPTURE_AUTORELEASING = YES;
				CLANG_WARN_BOOL_CONVERSION = YES;
				CLANG_WARN_COMMA = YES;
				CLANG_WARN_CONSTANT_CONVERSION = YES;
				CLANG_WARN_DEPRECATED_OBJC_IMPLEMENTATIONS = YES;
				CLANG_WARN_DIRECT_OBJC_ISA_USAGE = YES_ERROR;
				CLANG_WARN_DOCUMENTATION_COMMENTS = YES;
				CLANG_WARN_EMPTY_BODY = YES;
				CLANG_WARN_ENUM_CONVERSION = YES;
				CLANG_WARN_INFINITE_RECURSION = YES;
				CLANG_WARN_INT_CONVERSION = YES;
				CLANG_WARN_NON_LITERAL_NULL_CONVERSION = YES;
				CLANG_WARN_OBJC_IMPLICIT_RETAIN_SELF = YES;
				CLANG_WARN_OBJC_LITERAL_CONVERSION = YES;
				CLANG_WARN_OBJC_ROOT_CLASS = YES_ERROR;
				CLANG_WARN_QUOTED_INCLUDE_IN_FRAMEWORK_HEADER = YES;
				CLANG_WARN_RANGE_LOOP_ANALYSIS = YES;
				CLANG_WARN_STRICT_PROTOTYPES = YES;
				CLANG_WARN_SUSPICIOUS_MOVE = YES;
				CLANG_WARN_UNGUARDED_AVAILABILITY = YES_AGGRESSIVE;
				CLANG_WARN_UNREACHABLE_CODE = YES;
				CLANG_WARN__DUPLICATE_METHOD_MATCH = YES;
				COPY_PHASE_STRIP = NO;
				DEBUG_INFORMATION_FORMAT = dwarf;
				ENABLE_STRICT_OBJC_MSGSEND = YES;
				ENABLE_TESTABILITY = YES;
				ENABLE_USER_SCRIPT_SANDBOXING = YES;
				GCC_C_LANGUAGE_STANDARD = gnu17;
				GCC_DYNAMIC_NO_PIC = NO;
				GCC_NO_COMMON_BLOCKS = YES;
				GCC_OPTIMIZATION_LEVEL = 0;
				GCC_PREPROCESSOR_DEFINITIONS = (
					"DEBUG=1",
					"$(inherited)",
				);
				GCC_WARN_64_TO_32_BIT_CONVERSION = YES;
				GCC_WARN_ABOUT_RETURN_TYPE = YES_ERROR;
				GCC_WARN_UNDECLARED_SELECTOR = YES;
				GCC_WARN_UNINITIALIZED_AUTOS = YES_AGGRESSIVE;
				GCC_WARN_UNUSED_FUNCTION = YES;
				GCC_WARN_UNUSED_VARIABLE = YES;
				IPHONEOS_DEPLOYMENT_TARGET = 17.4;
				LOCALIZATION_PREFERS_STRING_CATALOGS = YES;
				MTL_ENABLE_DEBUG_INFO = INCLUDE_SOURCE;
				MTL_FAST_MATH = YES;
				ONLY_ACTIVE_ARCH = YES;
				SDKROOT = iphoneos;
				SWIFT_ACTIVE_COMPILATION_CONDITIONS = "DEBUG $(inherited)";
				SWIFT_OPTIMIZATION_LEVEL = "-Onone";
			};
			name = Debug;
		};
		7DC46EF62BB4D1BA00468CEC /* Release */ = {
			isa = XCBuildConfiguration;
			buildSettings = {
				ALWAYS_SEARCH_USER_PATHS = NO;
				ASSETCATALOG_COMPILER_GENERATE_SWIFT_ASSET_SYMBOL_EXTENSIONS = YES;
				CLANG_ANALYZER_NONNULL = YES;
				CLANG_ANALYZER_NUMBER_OBJECT_CONVERSION = YES_AGGRESSIVE;
				CLANG_CXX_LANGUAGE_STANDARD = "gnu++20";
				CLANG_ENABLE_MODULES = YES;
				CLANG_ENABLE_OBJC_ARC = YES;
				CLANG_ENABLE_OBJC_WEAK = YES;
				CLANG_WARN_BLOCK_CAPTURE_AUTORELEASING = YES;
				CLANG_WARN_BOOL_CONVERSION = YES;
				CLANG_WARN_COMMA = YES;
				CLANG_WARN_CONSTANT_CONVERSION = YES;
				CLANG_WARN_DEPRECATED_OBJC_IMPLEMENTATIONS = YES;
				CLANG_WARN_DIRECT_OBJC_ISA_USAGE = YES_ERROR;
				CLANG_WARN_DOCUMENTATION_COMMENTS = YES;
				CLANG_WARN_EMPTY_BODY = YES;
				CLANG_WARN_ENUM_CONVERSION = YES;
				CLANG_WARN_INFINITE_RECURSION = YES;
				CLANG_WARN_INT_CONVERSION = YES;
				CLANG_WARN_NON_LITERAL_NULL_CONVERSION = YES;
				CLANG_WARN_OBJC_IMPLICIT_RETAIN_SELF = YES;
				CLANG_WARN_OBJC_LITERAL_CONVERSION = YES;
				CLANG_WARN_OBJC_ROOT_CLASS = YES_ERROR;
				CLANG_WARN_QUOTED_INCLUDE_IN_FRAMEWORK_HEADER = YES;
				CLANG_WARN_RANGE_LOOP_ANALYSIS = YES;
				CLANG_WARN_STRICT_PROTOTYPES = YES;
				CLANG_WARN_SUSPICIOUS_MOVE = YES;
				CLANG_WARN_UNGUARDED_AVAILABILITY = YES_AGGRESSIVE;
				CLANG_WARN_UNREACHABLE_CODE = YES;
				CLANG_WARN__DUPLICATE_METHOD_MATCH = YES;
				COPY_PHASE_STRIP = NO;
				DEBUG_INFORMATION_FORMAT = "dwarf-with-dsym";
				ENABLE_NS_ASSERTIONS = NO;
				ENABLE_STRICT_OBJC_MSGSEND = YES;
				ENABLE_USER_SCRIPT_SANDBOXING = YES;
				GCC_C_LANGUAGE_STANDARD = gnu17;
				GCC_NO_COMMON_BLOCKS = YES;
				GCC_WARN_64_TO_32_BIT_CONVERSION = YES;
				GCC_WARN_ABOUT_RETURN_TYPE = YES_ERROR;
				GCC_WARN_UNDECLARED_SELECTOR = YES;
				GCC_WARN_UNINITIALIZED_AUTOS = YES_AGGRESSIVE;
				GCC_WARN_UNUSED_FUNCTION = YES;
				GCC_WARN_UNUSED_VARIABLE = YES;
				IPHONEOS_DEPLOYMENT_TARGET = 17.4;
				LOCALIZATION_PREFERS_STRING_CATALOGS = YES;
				MTL_ENABLE_DEBUG_INFO = NO;
				MTL_FAST_MATH = YES;
				SDKROOT = iphoneos;
				SWIFT_COMPILATION_MODE = wholemodule;
				VALIDATE_PRODUCT = YES;
			};
			name = Release;
		};
		7DC46EF82BB4D1BA00468CEC /* Debug */ = {
			isa = XCBuildConfiguration;
			baseConfigurationReference = 95B20C75186FB64117F26E88 /* Pods-SwiftUIReminder.debug.xcconfig */;
			buildSettings = {
				ASSETCATALOG_COMPILER_APPICON_NAME = AppIcon;
				ASSETCATALOG_COMPILER_GLOBAL_ACCENT_COLOR_NAME = AccentColor;
				CODE_SIGN_STYLE = Automatic;
				CURRENT_PROJECT_VERSION = 1;
				DEVELOPMENT_ASSET_PATHS = "\"SwiftUIReminder/Preview Content\"";
				DEVELOPMENT_TEAM = X75C6NZ52S;
				ENABLE_PREVIEWS = YES;
				ENABLE_USER_SCRIPT_SANDBOXING = NO;
				GENERATE_INFOPLIST_FILE = YES;
				INFOPLIST_KEY_UIApplicationSceneManifest_Generation = YES;
				INFOPLIST_KEY_UIApplicationSupportsIndirectInputEvents = YES;
				INFOPLIST_KEY_UILaunchScreen_Generation = YES;
				INFOPLIST_KEY_UISupportedInterfaceOrientations_iPad = "UIInterfaceOrientationPortrait UIInterfaceOrientationPortraitUpsideDown UIInterfaceOrientationLandscapeLeft UIInterfaceOrientationLandscapeRight";
				INFOPLIST_KEY_UISupportedInterfaceOrientations_iPhone = "UIInterfaceOrientationPortrait UIInterfaceOrientationLandscapeLeft UIInterfaceOrientationLandscapeRight";
				IPHONEOS_DEPLOYMENT_TARGET = 17.0;
				LD_RUNPATH_SEARCH_PATHS = (
					"$(inherited)",
					"@executable_path/Frameworks",
				);
				MARKETING_VERSION = 1.0;
				PRODUCT_BUNDLE_IDENTIFIER = "com.esong28-outlook.com.SwiftUIReminder";
				PRODUCT_NAME = "$(TARGET_NAME)";
				SWIFT_EMIT_LOC_STRINGS = YES;
				SWIFT_VERSION = 5.0;
				TARGETED_DEVICE_FAMILY = "1,2";
			};
			name = Debug;
		};
		7DC46EF92BB4D1BA00468CEC /* Release */ = {
			isa = XCBuildConfiguration;
			baseConfigurationReference = 5CF55976409008E14293A3DA /* Pods-SwiftUIReminder.release.xcconfig */;
			buildSettings = {
				ASSETCATALOG_COMPILER_APPICON_NAME = AppIcon;
				ASSETCATALOG_COMPILER_GLOBAL_ACCENT_COLOR_NAME = AccentColor;
				CODE_SIGN_STYLE = Automatic;
				CURRENT_PROJECT_VERSION = 1;
				DEVELOPMENT_ASSET_PATHS = "\"SwiftUIReminder/Preview Content\"";
				DEVELOPMENT_TEAM = X75C6NZ52S;
				ENABLE_PREVIEWS = YES;
				ENABLE_USER_SCRIPT_SANDBOXING = NO;
				GENERATE_INFOPLIST_FILE = YES;
				INFOPLIST_KEY_UIApplicationSceneManifest_Generation = YES;
				INFOPLIST_KEY_UIApplicationSupportsIndirectInputEvents = YES;
				INFOPLIST_KEY_UILaunchScreen_Generation = YES;
				INFOPLIST_KEY_UISupportedInterfaceOrientations_iPad = "UIInterfaceOrientationPortrait UIInterfaceOrientationPortraitUpsideDown UIInterfaceOrientationLandscapeLeft UIInterfaceOrientationLandscapeRight";
				INFOPLIST_KEY_UISupportedInterfaceOrientations_iPhone = "UIInterfaceOrientationPortrait UIInterfaceOrientationLandscapeLeft UIInterfaceOrientationLandscapeRight";
				IPHONEOS_DEPLOYMENT_TARGET = 17.0;
				LD_RUNPATH_SEARCH_PATHS = (
					"$(inherited)",
					"@executable_path/Frameworks",
				);
				MARKETING_VERSION = 1.0;
				PRODUCT_BUNDLE_IDENTIFIER = "com.esong28-outlook.com.SwiftUIReminder";
				PRODUCT_NAME = "$(TARGET_NAME)";
				SWIFT_EMIT_LOC_STRINGS = YES;
				SWIFT_VERSION = 5.0;
				TARGETED_DEVICE_FAMILY = "1,2";
			};
			name = Release;
		};
/* End XCBuildConfiguration section */

/* Begin XCConfigurationList section */
		7DC46EE42BB4D1B800468CEC /* Build configuration list for PBXProject "SwiftUIReminder" */ = {
			isa = XCConfigurationList;
			buildConfigurations = (
				7DC46EF52BB4D1BA00468CEC /* Debug */,
				7DC46EF62BB4D1BA00468CEC /* Release */,
			);
			defaultConfigurationIsVisible = 0;
			defaultConfigurationName = Release;
		};
		7DC46EF72BB4D1BA00468CEC /* Build configuration list for PBXNativeTarget "SwiftUIReminder" */ = {
			isa = XCConfigurationList;
			buildConfigurations = (
				7DC46EF82BB4D1BA00468CEC /* Debug */,
				7DC46EF92BB4D1BA00468CEC /* Release */,
			);
			defaultConfigurationIsVisible = 0;
			defaultConfigurationName = Release;
		};
/* End XCConfigurationList section */
	};
	rootObject = 7DC46EE12BB4D1B800468CEC /* Project object */;
}
